{
  "name": "react-kavia",
  "version": "0.1.0",
  "lockfileVersion": 3,
  "requires": true,
  "packages": {
    "": {
      "name": "react-kavia",
      "version": "0.1.0",
      "dependencies": {
        "react": "^18.2.0",
        "react-dom": "^18.2.0",
        "react-router-dom": "^6.26.2",
        "react-scripts": "^5.0.1"
      },
      "devDependencies": {
        "cross-env": "^7.0.3"
      }
    },
    "node_modules/@remix-run/router": {
      "version": "1.19.2",
      "resolved": "https://registry.npmjs.org/@remix-run/router/-/router-1.19.2.tgz",
      "integrity": "sha512-4xL9gywS8m3g+4Cq3cTnKj7dp5U8H7sYqgKzNfZ7dGmVnD1GmA2mZQZ7eX0mH4jJgQ3kQkZ9m3b9y0e3t4E6mQ=="
    },
    "node_modules/react-router": {
      "version": "6.26.2",
      "resolved": "https://registry.npmjs.org/react-router/-/react-router-6.26.2.tgz",
      "integrity": "sha512-9Hh0l4dG7p1WmGJqP9U6k6gqf8q9mQy1Jd2P8uZgk+e9qP0mYgq8r+o8Vf1O9Y7u2b0dY8Wl6m0n3b0yqfU6oQ==",
      "dependencies": {
        "@remix-run/router": "1.19.2"
      },
      "engines": {
        "node": ">=14.0.0"
      },
      "peerDependencies": {
        "react": ">=16.8",
        "react-dom": ">=16.8"
      }
    },
    "node_modules/react-router-dom": {
      "version": "6.26.2",
      "resolved": "https://registry.npmjs.org/react-router-dom/-/react-router-dom-6.26.2.tgz",
      "integrity": "sha512-9xvW8C5j7o4qJgYpBq4d7Qh7+7H0pJtZ0m8m7b9Z0l9w3t7g1b7q2x1s7p6l9g3m5m8m4y1m7m0b7n9y1m5Qw==",
      "dependencies": {
        "react-router": "6.26.2"
      },
      "peerDependencies": {
        "react": ">=16.8",
        "react-dom": ">=16.8"
      }
    }
  }
}
